
Microsoft Visual Studio Solution File, Format Version 12.00
# Visual Studio Version 17
VisualStudioVersion = 17.8.34408.163
MinimumVisualStudioVersion = 10.0.40219.1
Project("{FAE04EC0-301F-11D3-BF4B-00C04F79EFBC}") = "FrontendTest", "FrontendTest.csproj", "{3969EA5E-BEEE-4BEE-8A9D-A8283E4B7D16}"
EndProject
Global
	GlobalSection(SolutionConfigurationPlatforms) = preSolution
		Debug|Any CPU = Debug|Any CPU
		Release|Any CPU = Release|Any CPU
	EndGlobalSection
	GlobalSection(ProjectConfigurationPlatforms) = postSolution
		{3969EA5E-BEEE-4BEE-8A9D-A8283E4B7D16}.Debug|Any CPU.ActiveCfg = Debug|Any CPU
		{3969EA5E-BEEE-4BEE-8A9D-A8283E4B7D16}.Debug|Any CPU.Build.0 = Debug|Any CPU
		{3969EA5E-BEEE-4BEE-8A9D-A8283E4B7D16}.Release|Any CPU.ActiveCfg = Release|Any CPU
		{3969EA5E-BEEE-4BEE-8A9D-A8283E4B7D16}.Release|Any CPU.Build.0 = Release|Any CPU
	EndGlobalSection
	GlobalSection(SolutionProperties) = preSolution
		HideSolutionNode = FALSE
	EndGlobalSection
	GlobalSection(ExtensibilityGlobals) = postSolution
		SolutionGuid = {150668D9-04AF-4354-B8A6-014C4C4775F2}
	EndGlobalSection
EndGlobal
