
Microsoft Visual Studio Solution File, Format Version 12.00
# Visual Studio Version 17
VisualStudioVersion = 17.14.37111.16 d17.14
MinimumVisualStudioVersion = 10.0.40219.1
Project("{FAE04EC0-301F-11D3-BF4B-00C04F79EFBC}") = "Backend", "Backend.csproj", "{5ADA2BB6-BD8A-FBBA-631C-E748BB1D8E69}"
EndProject
Project("{FAE04EC0-301F-11D3-BF4B-00C04F79EFBC}") = "BackendTest", "..\BackendTest\BackendTest.csproj", "{EB9FBD5A-5AFB-4A9F-8445-C99BF2F5435D}"
	ProjectSection(ProjectDependencies) = postProject
		{5ADA2BB6-BD8A-FBBA-631C-E748BB1D8E69} = {5ADA2BB6-BD8A-FBBA-631C-E748BB1D8E69}
	EndProjectSection
EndProject
Global
	GlobalSection(SolutionConfigurationPlatforms) = preSolution
		Debug|Any CPU = Debug|Any CPU
		Release|Any CPU = Release|Any CPU
	EndGlobalSection
	GlobalSection(ProjectConfigurationPlatforms) = postSolution
		{5ADA2BB6-BD8A-FBBA-631C-E748BB1D8E69}.Debug|Any CPU.ActiveCfg = Debug|Any CPU
		{5ADA2BB6-BD8A-FBBA-631C-E748BB1D8E69}.Debug|Any CPU.Build.0 = Debug|Any CPU
		{5ADA2BB6-BD8A-FBBA-631C-E748BB1D8E69}.Release|Any CPU.ActiveCfg = Release|Any CPU
		{5ADA2BB6-BD8A-FBBA-631C-E748BB1D8E69}.Release|Any CPU.Build.0 = Release|Any CPU
		{EB9FBD5A-5AFB-4A9F-8445-C99BF2F5435D}.Debug|Any CPU.ActiveCfg = Debug|Any CPU
		{EB9FBD5A-5AFB-4A9F-8445-C99BF2F5435D}.Debug|Any CPU.Build.0 = Debug|Any CPU
		{EB9FBD5A-5AFB-4A9F-8445-C99BF2F5435D}.Release|Any CPU.ActiveCfg = Release|Any CPU
		{EB9FBD5A-5AFB-4A9F-8445-C99BF2F5435D}.Release|Any CPU.Build.0 = Release|Any CPU
	EndGlobalSection
	GlobalSection(SolutionProperties) = preSolution
		HideSolutionNode = FALSE
	EndGlobalSection
	GlobalSection(ExtensibilityGlobals) = postSolution
		SolutionGuid = {C0247977-39E9-47DB-8560-CD17A5D46108}
	EndGlobalSection
EndGlobal
